
Microsoft Visual Studio Solution File, Format Version 12.00
# Visual Studio 15
VisualStudioVersion = 15.0.28307.329
MinimumVisualStudioVersion = 10.0.40219.1
Project("{FAE04EC0-301F-11D3-BF4B-00C04F79EFBC}") = "EnvironmentMonitoringDataSource", "EnvironmentMonitoringDataSource\EnvironmentMonitoringDataSource.csproj", "{27526A32-D56B-4334-B07F-5ADB055329CC}"
EndProject
Project("{FAE04EC0-301F-11D3-BF4B-00C04F79EFBC}") = "ReadWriteFunctionality", "ReadWriteFunctionality\ReadWriteFunctionality.csproj", "{53903047-26B7-444B-BCC7-AD9B0310CDA6}"
EndProject
Global
	GlobalSection(SolutionConfigurationPlatforms) = preSolution
		Debug|Any CPU = Debug|Any CPU
		Release|Any CPU = Release|Any CPU
	EndGlobalSection
	GlobalSection(ProjectConfigurationPlatforms) = postSolution
		{27526A32-D56B-4334-B07F-5ADB055329CC}.Debug|Any CPU.ActiveCfg = Debug|Any CPU
		{27526A32-D56B-4334-B07F-5ADB055329CC}.Debug|Any CPU.Build.0 = Debug|Any CPU
		{27526A32-D56B-4334-B07F-5ADB055329CC}.Release|Any CPU.ActiveCfg = Release|Any CPU
		{27526A32-D56B-4334-B07F-5ADB055329CC}.Release|Any CPU.Build.0 = Release|Any CPU
		{53903047-26B7-444B-BCC7-AD9B0310CDA6}.Debug|Any CPU.ActiveCfg = Debug|Any CPU
		{53903047-26B7-444B-BCC7-AD9B0310CDA6}.Debug|Any CPU.Build.0 = Debug|Any CPU
		{53903047-26B7-444B-BCC7-AD9B0310CDA6}.Release|Any CPU.ActiveCfg = Release|Any CPU
		{53903047-26B7-444B-BCC7-AD9B0310CDA6}.Release|Any CPU.Build.0 = Release|Any CPU
	EndGlobalSection
	GlobalSection(SolutionProperties) = preSolution
		HideSolutionNode = FALSE
	EndGlobalSection
	GlobalSection(ExtensibilityGlobals) = postSolution
		SolutionGuid = {87D11F57-66A4-4401-8F15-B73B7C2BC132}
	EndGlobalSection
EndGlobal
